{
    "_readme": [
        "This file locks the dependencies of your project to a known state",
        "Read more about it at https://getcomposer.org/doc/01-basic-usage.md#installing-dependencies",
        "This file is @generated automatically"
    ],
    "content-hash": "4b4712510914b2bad3a79c75763856c5",
    "packages": [
        {
            "name": "moebius/loop",
            "version": "0.0.7-alpha",
            "source": {
                "type": "git",
                "url": "https://github.com/frodeborli/moebius-loop.git",
                "reference": "77edb390c3b3bf0de8bbdbc583240b0f18b0bfcc"
            },
            "dist": {
                "type": "zip",
                "url": "https://api.github.com/repos/frodeborli/moebius-loop/zipball/77edb390c3b3bf0de8bbdbc583240b0f18b0bfcc",
                "reference": "77edb390c3b3bf0de8bbdbc583240b0f18b0bfcc",
                "shasum": ""
            },
            "require": {
                "php": ">=8.0"
            },
            "require-dev": {
                "charm/testing": "^0.0.3"
            },
            "suggest": {
                "ext-pcntl": "For signal handling support"
            },
            "type": "library",
            "autoload": {
                "psr-4": {
                    "Moebius\\Loop\\": "src/"
                },
                "classmap": [
                    "Loop.php",
                    "LoopInterface.php"
                ]
            },
            "notification-url": "https://packagist.org/downloads/",
            "license": [
                "MIT"
            ],
            "authors": [
                {
                    "name": "Frode Børli",
                    "email": "frode@ennerd.com"
                }
            ],
            "description": "An event-loop compatability layer for creating packages that work with other event loop implementations such as ReactPHP or Amphp.",
            "support": {
                "issues": "https://github.com/frodeborli/moebius-loop/issues",
                "source": "https://github.com/frodeborli/moebius-loop/tree/0.0.7-alpha"
            },
            "time": "2022-04-04T14:15:11+00:00"
        }
    ],
    "packages-dev": [
        {
            "name": "evenement/evenement",
            "version": "v3.0.1",
            "source": {
                "type": "git",
                "url": "https://github.com/igorw/evenement.git",
                "reference": "531bfb9d15f8aa57454f5f0285b18bec903b8fb7"
            },
            "dist": {
                "type": "zip",
                "url": "https://api.github.com/repos/igorw/evenement/zipball/531bfb9d15f8aa57454f5f0285b18bec903b8fb7",
                "reference": "531bfb9d15f8aa57454f5f0285b18bec903b8fb7",
                "shasum": ""
            },
            "require": {
                "php": ">=7.0"
            },
            "require-dev": {
                "phpunit/phpunit": "^6.0"
            },
            "type": "library",
            "autoload": {
                "psr-0": {
                    "Evenement": "src"
                }
            },
            "notification-url": "https://packagist.org/downloads/",
            "license": [
                "MIT"
            ],
            "authors": [
                {
                    "name": "Igor Wiedler",
                    "email": "igor@wiedler.ch"
                }
            ],
            "description": "Événement is a very simple event dispatching library for PHP",
            "keywords": [
                "event-dispatcher",
                "event-emitter"
            ],
            "support": {
                "issues": "https://github.com/igorw/evenement/issues",
                "source": "https://github.com/igorw/evenement/tree/master"
            },
            "time": "2017-07-23T21:35:13+00:00"
        },
        {
            "name": "react/child-process",
            "version": "dev-master",
            "source": {
                "type": "git",
                "url": "https://github.com/reactphp/child-process.git",
                "reference": "2fad9e05101f3d2531ea36eaf34aafa9e052ad54"
            },
            "dist": {
                "type": "zip",
                "url": "https://api.github.com/repos/reactphp/child-process/zipball/2fad9e05101f3d2531ea36eaf34aafa9e052ad54",
                "reference": "2fad9e05101f3d2531ea36eaf34aafa9e052ad54",
                "shasum": ""
            },
            "require": {
                "evenement/evenement": "^3.0 || ^2.0 || ^1.0",
                "php": ">=5.3.0",
                "react/event-loop": "^1.2",
                "react/stream": "^1.2"
            },
            "require-dev": {
                "phpunit/phpunit": "^9.3 || ^5.7 || ^4.8.35",
                "react/socket": "^1.8",
                "sebastian/environment": "^5.0 || ^3.0 || ^2.0 || ^1.0"
            },
            "default-branch": true,
            "type": "library",
            "autoload": {
                "psr-4": {
                    "React\\ChildProcess\\": "src"
                }
            },
            "notification-url": "https://packagist.org/downloads/",
            "license": [
                "MIT"
            ],
            "authors": [
                {
                    "name": "Christian Lück",
                    "email": "christian@clue.engineering",
                    "homepage": "https://clue.engineering/"
                },
                {
                    "name": "Cees-Jan Kiewiet",
                    "email": "reactphp@ceesjankiewiet.nl",
                    "homepage": "https://wyrihaximus.net/"
                },
                {
                    "name": "Jan Sorgalla",
                    "email": "jsorgalla@gmail.com",
                    "homepage": "https://sorgalla.com/"
                },
                {
                    "name": "Chris Boden",
                    "email": "cboden@gmail.com",
                    "homepage": "https://cboden.dev/"
                }
            ],
            "description": "Event-driven library for executing child processes with ReactPHP.",
            "keywords": [
                "event-driven",
                "process",
                "reactphp"
            ],
            "support": {
                "issues": "https://github.com/reactphp/child-process/issues",
                "source": "https://github.com/reactphp/child-process/tree/master"
            },
            "funding": [
                {
                    "url": "https://github.com/WyriHaximus",
                    "type": "github"
                },
                {
                    "url": "https://github.com/clue",
                    "type": "github"
                }
            ],
            "time": "2022-03-17T12:49:51+00:00"
        },
        {
            "name": "react/stream",
            "version": "1.x-dev",
            "source": {
                "type": "git",
                "url": "https://github.com/reactphp/stream.git",
                "reference": "81eceb9ffc3e1c9625b450d4818092b63564b63b"
            },
            "dist": {
                "type": "zip",
                "url": "https://api.github.com/repos/reactphp/stream/zipball/81eceb9ffc3e1c9625b450d4818092b63564b63b",
                "reference": "81eceb9ffc3e1c9625b450d4818092b63564b63b",
                "shasum": ""
            },
            "require": {
                "evenement/evenement": "^3.0 || ^2.0 || ^1.0",
                "php": ">=5.3.8",
                "react/event-loop": "^1.2"
            },
            "require-dev": {
                "clue/stream-filter": "~1.2",
                "phpunit/phpunit": "^9.3 || ^5.7 || ^4.8.35"
            },
            "default-branch": true,
            "type": "library",
            "autoload": {
                "psr-4": {
                    "React\\Stream\\": "src"
                }
            },
            "notification-url": "https://packagist.org/downloads/",
            "license": [
                "MIT"
            ],
            "authors": [
                {
                    "name": "Christian Lück",
                    "email": "christian@clue.engineering",
                    "homepage": "https://clue.engineering/"
                },
                {
                    "name": "Cees-Jan Kiewiet",
                    "email": "reactphp@ceesjankiewiet.nl",
                    "homepage": "https://wyrihaximus.net/"
                },
                {
                    "name": "Jan Sorgalla",
                    "email": "jsorgalla@gmail.com",
                    "homepage": "https://sorgalla.com/"
                },
                {
                    "name": "Chris Boden",
                    "email": "cboden@gmail.com",
                    "homepage": "https://cboden.dev/"
                }
            ],
            "description": "Event-driven readable and writable streams for non-blocking I/O in ReactPHP",
            "keywords": [
                "event-driven",
                "io",
                "non-blocking",
                "pipe",
                "reactphp",
                "readable",
                "stream",
                "writable"
            ],
            "support": {
                "issues": "https://github.com/reactphp/stream/issues",
                "source": "https://github.com/reactphp/stream/tree/1.x"
            },
            "funding": [
                {
                    "url": "https://github.com/WyriHaximus",
                    "type": "github"
                },
                {
                    "url": "https://github.com/clue",
                    "type": "github"
                }
            ],
            "time": "2022-03-17T12:47:53+00:00"
        }
    ],
    "aliases": [],
    "minimum-stability": "dev",
    "stability-flags": {
        "react/child-process": 20
    },
    "prefer-stable": false,
    "prefer-lowest": false,
    "platform": [],
    "platform-dev": [],
    "plugin-api-version": "2.2.0"
}
